schema: '2.0'
stages:
  data_ingestion:
    cmd: python src/data/data_ingestion.py
    deps:
    - path: src/data/data_ingestion.py
      hash: md5
      md5: 0ca4d155ead32bd2fd2a018a34d62c56
      size: 3378
    params:
      params.yaml:
        data_ingestion.test_size: 0.24
    outs:
    - path: data/raw
      hash: md5
      md5: b2e209a5f940f6fb937c65123d118cc0.dir
      size: 827973
      nfiles: 2
  data_preprocessing:
    cmd: python src/features/data_preprocessing.py
    deps:
    - path: data/raw
      hash: md5
      md5: b2e209a5f940f6fb937c65123d118cc0.dir
      size: 827973
      nfiles: 2
    - path: src/features/data_preprocessing.py
      hash: md5
      md5: 5bf01bcafd3c5e7083a4920e954f226d
      size: 4731
    outs:
    - path: data/interim
      hash: md5
      md5: 6ba258fd687c040443184874412ebf2b.dir
      size: 610173
      nfiles: 2
  feature_engineering:
    cmd: python src/features/feature_engineering.py
    deps:
    - path: data/interim
      hash: md5
      md5: 6ba258fd687c040443184874412ebf2b.dir
      size: 610173
      nfiles: 2
    - path: src/features/feature_engineering.py
      hash: md5
      md5: 8913be3eceebfe2175f3f930068cf0c5
      size: 4674
    params:
      params.yaml:
        feature_engineering.max_features: 5000
    outs:
    - path: data/features
      hash: md5
      md5: 8ed866c80d2180dc8f564078e8db0d11.dir
      size: 103818916
      nfiles: 2
  model_building:
    cmd: python src/model/model_building.py
    deps:
    - path: data/features
      hash: md5
      md5: 8ed866c80d2180dc8f564078e8db0d11.dir
      size: 103818916
      nfiles: 2
    - path: src/model/model_building.py
      hash: md5
      md5: 22d5f23b25f3cdffef70ba61fdd54663
      size: 3432
    outs:
    - path: models/model.pkl
      hash: md5
      md5: 463021dc8c0df7f14fd8042f7e47fa47
      size: 40718
  model_evaluation:
    cmd: python src/model/model_evaluation.py
    deps:
    - path: models/model.pkl
      hash: md5
      md5: 463021dc8c0df7f14fd8042f7e47fa47
      size: 40718
    - path: src/model/model_evaluation.py
      hash: md5
      md5: 81302952e7c5b4567dd399b231a0b24a
      size: 6083
    outs:
    - path: reports/metrics.json
      hash: md5
      md5: 7b535e6d0371fd1d914521b6992cf521
      size: 145
    - path: reports/model_info.json
      hash: md5
      md5: a0f0bb65e561fd0cd27171e5e8257a13
      size: 83
  model_registration:
    cmd: python src/model/register_model.py
    deps:
    - path: reports/model_info.json
      hash: md5
      md5: a0f0bb65e561fd0cd27171e5e8257a13
      size: 83
    - path: src/model/register_model.py
      hash: md5
      md5: 5ad110e6a92c3034b0a8577129eebe1f
      size: 3027
