schema: '2.0'
stages:
  data_ingestion:
    cmd: python src/data/data_ingestion.py
    deps:
    - path: src/data/data_ingestion.py
      hash: md5
      md5: 0ca4d155ead32bd2fd2a018a34d62c56
      size: 3378
    params:
      params.yaml:
        data_ingestion.test_size: 0.23
    outs:
    - path: data/raw
      hash: md5
      md5: 2c21ee858e587422e9b6eaee2b905161.dir
      size: 827973
      nfiles: 2
  data_preprocessing:
    cmd: python src/features/data_preprocessing.py
    deps:
    - path: data/raw
      hash: md5
      md5: 2c21ee858e587422e9b6eaee2b905161.dir
      size: 827973
      nfiles: 2
    - path: src/features/data_preprocessing.py
      hash: md5
      md5: 5bf01bcafd3c5e7083a4920e954f226d
      size: 4731
    outs:
    - path: data/interim
      hash: md5
      md5: c0d3c257a63213b65d4ce39819627560.dir
      size: 610173
      nfiles: 2
  feature_engineering:
    cmd: python src/features/feature_engineering.py
    deps:
    - path: data/interim
      hash: md5
      md5: c0d3c257a63213b65d4ce39819627560.dir
      size: 610173
      nfiles: 2
    - path: src/features/feature_engineering.py
      hash: md5
      md5: 8913be3eceebfe2175f3f930068cf0c5
      size: 4674
    params:
      params.yaml:
        feature_engineering.max_features: 4900
    outs:
    - path: data/features
      hash: md5
      md5: 5f566df74d4385f9f60755a2fe0af73f.dir
      size: 101743116
      nfiles: 2
  model_building:
    cmd: python src/model/model_building.py
    deps:
    - path: data/features
      hash: md5
      md5: 5f566df74d4385f9f60755a2fe0af73f.dir
      size: 101743116
      nfiles: 2
    - path: src/model/model_building.py
      hash: md5
      md5: 22d5f23b25f3cdffef70ba61fdd54663
      size: 3432
    outs:
    - path: models/model.pkl
      hash: md5
      md5: 0b5a9c03abb16e29a8018ab857a3bc13
      size: 39918
  model_evaluation:
    cmd: python src/model/model_evaluation.py
    deps:
    - path: models/model.pkl
      hash: md5
      md5: 0b5a9c03abb16e29a8018ab857a3bc13
      size: 39918
    - path: src/model/model_evaluation.py
      hash: md5
      md5: 81302952e7c5b4567dd399b231a0b24a
      size: 6083
    outs:
    - path: reports/metrics.json
      hash: md5
      md5: bcd7076dfaeccfaf614d01ad0afaf006
      size: 145
    - path: reports/model_info.json
      hash: md5
      md5: 64aa15ae07679dc22bc6db0cca9aa6fe
      size: 83
  model_registration:
    cmd: python src/model/register_model.py
    deps:
    - path: reports/model_info.json
      hash: md5
      md5: 64aa15ae07679dc22bc6db0cca9aa6fe
      size: 83
    - path: src/model/register_model.py
      hash: md5
      md5: a02ffd9406893cae8a1b7005eea73e9f
      size: 3030
