schema: '2.0'
stages:
  data_ingestion:
    cmd: python src/data/data_ingestion.py
    deps:
    - path: src/data/data_ingestion.py
      hash: md5
      md5: 0ca4d155ead32bd2fd2a018a34d62c56
      size: 3378
    params:
      params.yaml:
        data_ingestion.test_size: 0.2
    outs:
    - path: data/raw
      hash: md5
      md5: fb326d2eec197669f9638afde28356bf.dir
      size: 827973
      nfiles: 2
  data_preprocessing:
    cmd: python src/features/data_preprocessing.py
    deps:
    - path: data/raw
      hash: md5
      md5: fb326d2eec197669f9638afde28356bf.dir
      size: 827973
      nfiles: 2
    - path: src/features/data_preprocessing.py
      hash: md5
      md5: 5bf01bcafd3c5e7083a4920e954f226d
      size: 4731
    outs:
    - path: data/interim
      hash: md5
      md5: 22aa3bb37d0b4e7acf422ce21db3bcf8.dir
      size: 610173
      nfiles: 2
  feature_engineering:
    cmd: python src/features/feature_engineering.py
    deps:
    - path: data/interim
      hash: md5
      md5: 22aa3bb37d0b4e7acf422ce21db3bcf8.dir
      size: 610173
      nfiles: 2
    - path: src/features/feature_engineering.py
      hash: md5
      md5: 4339bf946f5b02ad34e64854ba4c2584
      size: 4542
    params:
      params.yaml:
        feature_engineering.max_features: 4500
    outs:
    - path: data/features
      hash: md5
      md5: d3d143c25bbd533abc7051c300852145.dir
      size: 93439916
      nfiles: 2
  model_building:
    cmd: python src/model/model_building.py
    deps:
    - path: data/features
      hash: md5
      md5: d3d143c25bbd533abc7051c300852145.dir
      size: 93439916
      nfiles: 2
    - path: src/model/model_building.py
      hash: md5
      md5: 22d5f23b25f3cdffef70ba61fdd54663
      size: 3432
    outs:
    - path: models/model.pkl
      hash: md5
      md5: 3e5bcb40582124ca928c24df50f5a98e
      size: 36718
  model_evaluation:
    cmd: python src/model/model_evaluation.py
    deps:
    - path: models/model.pkl
      hash: md5
      md5: 3e5bcb40582124ca928c24df50f5a98e
      size: 36718
    - path: src/model/model_evaluation.py
      hash: md5
      md5: 81302952e7c5b4567dd399b231a0b24a
      size: 6083
    outs:
    - path: reports/metrics.json
      hash: md5
      md5: bfa890e5d22b91d4691c1fe2bca28f44
      size: 145
    - path: reports/model_info.json
      hash: md5
      md5: f84915e2889981d6d54c7998923fd8ce
      size: 83
  model_registration:
    cmd: python src/model/register_model.py
    deps:
    - path: reports/model_info.json
      hash: md5
      md5: f84915e2889981d6d54c7998923fd8ce
      size: 83
    - path: src/model/register_model.py
      hash: md5
      md5: a02ffd9406893cae8a1b7005eea73e9f
      size: 3030
